
Microsoft Visual Studio Solution File, Format Version 12.00
# Visual Studio Version 17
VisualStudioVersion = 17.4.33110.190
MinimumVisualStudioVersion = 10.0.40219.1
Project("{FAE04EC0-301F-11D3-BF4B-00C04F79EFBC}") = "ThucHanh_25_03_hsk", "ThucHanh_25_03_hsk\ThucHanh_25_03_hsk.csproj", "{513E74CD-1B80-410F-8B7E-8745B33FC036}"
EndProject
Project("{FAE04EC0-301F-11D3-BF4B-00C04F79EFBC}") = "ThucHanhCrystalReport", "ThucHanhCrystalReport\ThucHanhCrystalReport.csproj", "{5AE80752-6E53-47A5-9BD2-91DF22782479}"
EndProject
Global
	GlobalSection(SolutionConfigurationPlatforms) = preSolution
		Debug|Any CPU = Debug|Any CPU
		Release|Any CPU = Release|Any CPU
	EndGlobalSection
	GlobalSection(ProjectConfigurationPlatforms) = postSolution
		{513E74CD-1B80-410F-8B7E-8745B33FC036}.Debug|Any CPU.ActiveCfg = Debug|Any CPU
		{513E74CD-1B80-410F-8B7E-8745B33FC036}.Debug|Any CPU.Build.0 = Debug|Any CPU
		{513E74CD-1B80-410F-8B7E-8745B33FC036}.Release|Any CPU.ActiveCfg = Release|Any CPU
		{513E74CD-1B80-410F-8B7E-8745B33FC036}.Release|Any CPU.Build.0 = Release|Any CPU
		{5AE80752-6E53-47A5-9BD2-91DF22782479}.Debug|Any CPU.ActiveCfg = Debug|Any CPU
		{5AE80752-6E53-47A5-9BD2-91DF22782479}.Debug|Any CPU.Build.0 = Debug|Any CPU
		{5AE80752-6E53-47A5-9BD2-91DF22782479}.Release|Any CPU.ActiveCfg = Release|Any CPU
		{5AE80752-6E53-47A5-9BD2-91DF22782479}.Release|Any CPU.Build.0 = Release|Any CPU
	EndGlobalSection
	GlobalSection(SolutionProperties) = preSolution
		HideSolutionNode = FALSE
	EndGlobalSection
	GlobalSection(ExtensibilityGlobals) = postSolution
		SolutionGuid = {246E753C-8754-40C0-930C-73E5DB5AEFDD}
	EndGlobalSection
EndGlobal
